
Microsoft Visual Studio Solution File, Format Version 12.00
# Visual Studio Version 17
VisualStudioVersion = 17.3.32804.467
MinimumVisualStudioVersion = 10.0.40219.1
Project("{FAE04EC0-301F-11D3-BF4B-00C04F79EFBC}") = "WebApplication1", "WebApplication1\WebApplication1.csproj", "{E91704F5-DDEC-4D23-B5BD-F1DCC714915B}"
EndProject
Global
	GlobalSection(SolutionConfigurationPlatforms) = preSolution
		Debug|Any CPU = Debug|Any CPU
		Release|Any CPU = Release|Any CPU
	EndGlobalSection
	GlobalSection(ProjectConfigurationPlatforms) = postSolution
		{E91704F5-DDEC-4D23-B5BD-F1DCC714915B}.Debug|Any CPU.ActiveCfg = Debug|Any CPU
		{E91704F5-DDEC-4D23-B5BD-F1DCC714915B}.Debug|Any CPU.Build.0 = Debug|Any CPU
		{E91704F5-DDEC-4D23-B5BD-F1DCC714915B}.Release|Any CPU.ActiveCfg = Release|Any CPU
		{E91704F5-DDEC-4D23-B5BD-F1DCC714915B}.Release|Any CPU.Build.0 = Release|Any CPU
	EndGlobalSection
	GlobalSection(SolutionProperties) = preSolution
		HideSolutionNode = FALSE
	EndGlobalSection
	GlobalSection(ExtensibilityGlobals) = postSolution
		SolutionGuid = {3CD129B7-F3E3-4F46-920D-C1D812B6C462}
	EndGlobalSection
EndGlobal
